{
  "name": "openclaw-pilot",
  "version": "0.1.0",
  "lockfileVersion": 3,
  "requires": true,
  "packages": {
    "": {
      "name": "openclaw-pilot",
      "version": "0.1.0",
      "license": "MIT",
      "bin": {
        "pilot": "src/cli.ts"
      },
      "engines": {
        "node": ">=22.18"
      }
    }
  }
}
